
Microsoft Visual Studio Solution File, Format Version 12.00
# Visual Studio Version 16
VisualStudioVersion = 16.0.31624.102
MinimumVisualStudioVersion = 10.0.40219.1
Project("{FAE04EC0-301F-11D3-BF4B-00C04F79EFBC}") = "booking_car_app", "booking_car_app\booking_car_app.csproj", "{7764DEAC-211F-43E7-B377-8EBDBADE6391}"
EndProject
Global
	GlobalSection(SolutionConfigurationPlatforms) = preSolution
		Debug|Any CPU = Debug|Any CPU
		Release|Any CPU = Release|Any CPU
	EndGlobalSection
	GlobalSection(ProjectConfigurationPlatforms) = postSolution
		{7764DEAC-211F-43E7-B377-8EBDBADE6391}.Debug|Any CPU.ActiveCfg = Debug|Any CPU
		{7764DEAC-211F-43E7-B377-8EBDBADE6391}.Debug|Any CPU.Build.0 = Debug|Any CPU
		{7764DEAC-211F-43E7-B377-8EBDBADE6391}.Release|Any CPU.ActiveCfg = Release|Any CPU
		{7764DEAC-211F-43E7-B377-8EBDBADE6391}.Release|Any CPU.Build.0 = Release|Any CPU
	EndGlobalSection
	GlobalSection(SolutionProperties) = preSolution
		HideSolutionNode = FALSE
	EndGlobalSection
	GlobalSection(ExtensibilityGlobals) = postSolution
		SolutionGuid = {56E06FC0-6CA5-4244-9783-A5E6D9499317}
	EndGlobalSection
EndGlobal
